Microsoft Visual Studio Solution File, Format Version 12.00
# Visual Studio Version 17
VisualStudioVersion = 17.5.2.0
MinimumVisualStudioVersion = 10.0.40219.1
Project("{FAE04EC0-301F-11D3-BF4B-00C04F79EFBC}") = "Media3", "Media3.csproj", "{A3836280-70B5-F8D2-0EF6-3EF77048E0C6}"
EndProject
Global
	GlobalSection(SolutionConfigurationPlatforms) = preSolution
		Debug|Any CPU = Debug|Any CPU
		Release|Any CPU = Release|Any CPU
	EndGlobalSection
	GlobalSection(ProjectConfigurationPlatforms) = postSolution
		{A3836280-70B5-F8D2-0EF6-3EF77048E0C6}.Debug|Any CPU.ActiveCfg = Debug|Any CPU
		{A3836280-70B5-F8D2-0EF6-3EF77048E0C6}.Debug|Any CPU.Build.0 = Debug|Any CPU
		{A3836280-70B5-F8D2-0EF6-3EF77048E0C6}.Release|Any CPU.ActiveCfg = Release|Any CPU
		{A3836280-70B5-F8D2-0EF6-3EF77048E0C6}.Release|Any CPU.Build.0 = Release|Any CPU
	EndGlobalSection
	GlobalSection(SolutionProperties) = preSolution
		HideSolutionNode = FALSE
	EndGlobalSection
	GlobalSection(ExtensibilityGlobals) = postSolution
		SolutionGuid = {94CB74F6-BD0A-4E3F-9738-43DE308E70F6}
	EndGlobalSection
EndGlobal
