
Microsoft Visual Studio Solution File, Format Version 12.00
# Visual Studio Version 17
VisualStudioVersion = 17.5.2.0
MinimumVisualStudioVersion = 10.0.40219.1
Project("{FAE04EC0-301F-11D3-BF4B-00C04F79EFBC}") = "Teste de Seleçao 1", "Teste de Seleçao 1.csproj", "{BB800EC3-702C-B805-8847-71C8DFE6283C}"
EndProject
Global
	GlobalSection(SolutionConfigurationPlatforms) = preSolution
		Debug|Any CPU = Debug|Any CPU
		Release|Any CPU = Release|Any CPU
	EndGlobalSection
	GlobalSection(ProjectConfigurationPlatforms) = postSolution
		{BB800EC3-702C-B805-8847-71C8DFE6283C}.Debug|Any CPU.ActiveCfg = Debug|Any CPU
		{BB800EC3-702C-B805-8847-71C8DFE6283C}.Debug|Any CPU.Build.0 = Debug|Any CPU
		{BB800EC3-702C-B805-8847-71C8DFE6283C}.Release|Any CPU.ActiveCfg = Release|Any CPU
		{BB800EC3-702C-B805-8847-71C8DFE6283C}.Release|Any CPU.Build.0 = Release|Any CPU
	EndGlobalSection
	GlobalSection(SolutionProperties) = preSolution
		HideSolutionNode = FALSE
	EndGlobalSection
	GlobalSection(ExtensibilityGlobals) = postSolution
		SolutionGuid = {0266C993-7D33-416A-847C-29EDA5F2FF4D}
	EndGlobalSection
EndGlobal
