Microsoft Visual Studio Solution File, Format Version 12.00
# Visual Studio Version 17
VisualStudioVersion = 17.5.2.0
MinimumVisualStudioVersion = 10.0.40219.1
Project("{FAE04EC0-301F-11D3-BF4B-00C04F79EFBC}") = "Intervalo", "Intervalo.csproj", "{BC619BC9-AD1D-6252-EAFC-83FD0A24DB2E}"
EndProject
Global
	GlobalSection(SolutionConfigurationPlatforms) = preSolution
		Debug|Any CPU = Debug|Any CPU
		Release|Any CPU = Release|Any CPU
	EndGlobalSection
	GlobalSection(ProjectConfigurationPlatforms) = postSolution
		{BC619BC9-AD1D-6252-EAFC-83FD0A24DB2E}.Debug|Any CPU.ActiveCfg = Debug|Any CPU
		{BC619BC9-AD1D-6252-EAFC-83FD0A24DB2E}.Debug|Any CPU.Build.0 = Debug|Any CPU
		{BC619BC9-AD1D-6252-EAFC-83FD0A24DB2E}.Release|Any CPU.ActiveCfg = Release|Any CPU
		{BC619BC9-AD1D-6252-EAFC-83FD0A24DB2E}.Release|Any CPU.Build.0 = Release|Any CPU
	EndGlobalSection
	GlobalSection(SolutionProperties) = preSolution
		HideSolutionNode = FALSE
	EndGlobalSection
	GlobalSection(ExtensibilityGlobals) = postSolution
		SolutionGuid = {3C4D1008-0630-4922-9D36-5EE540E0B598}
	EndGlobalSection
EndGlobal
