Microsoft Visual Studio Solution File, Format Version 12.00
# Visual Studio Version 17
VisualStudioVersion = 17.5.2.0
MinimumVisualStudioVersion = 10.0.40219.1
Project("{FAE04EC0-301F-11D3-BF4B-00C04F79EFBC}") = "Senha Fixa", "Senha Fixa.csproj", "{C954A894-1485-8122-C304-E6B1C1756021}"
EndProject
Global
	GlobalSection(SolutionConfigurationPlatforms) = preSolution
		Debug|Any CPU = Debug|Any CPU
		Release|Any CPU = Release|Any CPU
	EndGlobalSection
	GlobalSection(ProjectConfigurationPlatforms) = postSolution
		{C954A894-1485-8122-C304-E6B1C1756021}.Debug|Any CPU.ActiveCfg = Debug|Any CPU
		{C954A894-1485-8122-C304-E6B1C1756021}.Debug|Any CPU.Build.0 = Debug|Any CPU
		{C954A894-1485-8122-C304-E6B1C1756021}.Release|Any CPU.ActiveCfg = Release|Any CPU
		{C954A894-1485-8122-C304-E6B1C1756021}.Release|Any CPU.Build.0 = Release|Any CPU
	EndGlobalSection
	GlobalSection(SolutionProperties) = preSolution
		HideSolutionNode = FALSE
	EndGlobalSection
	GlobalSection(ExtensibilityGlobals) = postSolution
		SolutionGuid = {ACBE64E6-EA31-460C-8B24-B4F9FA3D83A1}
	EndGlobalSection
EndGlobal
