Microsoft Visual Studio Solution File, Format Version 12.00
# Visual Studio Version 17
VisualStudioVersion = 17.5.2.0
MinimumVisualStudioVersion = 10.0.40219.1
Project("{FAE04EC0-301F-11D3-BF4B-00C04F79EFBC}") = "CalculoSimples", "CalculoSimples.csproj", "{076DFEE3-255F-9534-C143-D17948E9C298}"
EndProject
Global
	GlobalSection(SolutionConfigurationPlatforms) = preSolution
		Debug|Any CPU = Debug|Any CPU
		Release|Any CPU = Release|Any CPU
	EndGlobalSection
	GlobalSection(ProjectConfigurationPlatforms) = postSolution
		{076DFEE3-255F-9534-C143-D17948E9C298}.Debug|Any CPU.ActiveCfg = Debug|Any CPU
		{076DFEE3-255F-9534-C143-D17948E9C298}.Debug|Any CPU.Build.0 = Debug|Any CPU
		{076DFEE3-255F-9534-C143-D17948E9C298}.Release|Any CPU.ActiveCfg = Release|Any CPU
		{076DFEE3-255F-9534-C143-D17948E9C298}.Release|Any CPU.Build.0 = Release|Any CPU
	EndGlobalSection
	GlobalSection(SolutionProperties) = preSolution
		HideSolutionNode = FALSE
	EndGlobalSection
	GlobalSection(ExtensibilityGlobals) = postSolution
		SolutionGuid = {6BF1C174-891B-4251-A3B7-D2417C7DBA2E}
	EndGlobalSection
EndGlobal
